
Microsoft Visual Studio Solution File, Format Version 12.00
# Visual Studio Version 17
VisualStudioVersion = 17.0.31919.166
MinimumVisualStudioVersion = 10.0.40219.1
Project("{9A19103F-16F7-4668-BE54-9A1E7A4F7556}") = "Quality_of_Life_changer.WebApi", "Quality_of_Life_changer.WebApi\Quality_of_Life_changer.WebApi.csproj", "{D49AF775-E5A0-4063-882C-6E36F50A83B0}"
EndProject
Project("{9A19103F-16F7-4668-BE54-9A1E7A4F7556}") = "Quality_of_Life_changer.Data", "Quality-of-Life-changer.Data\Quality_of_Life_changer.Data.csproj", "{942EFD8D-C971-4DF2-A0AB-2FC8CED18E12}"
EndProject
Project("{9A19103F-16F7-4668-BE54-9A1E7A4F7556}") = "Quality_of_Life_changer.Model", "Qoality_of_Life_changer.Model\Quality_of_Life_changer.Model.csproj", "{4858F7B8-F0FA-4BBD-A139-C8E615A9F68D}"
EndProject
Project("{9A19103F-16F7-4668-BE54-9A1E7A4F7556}") = "Quality_of_Life_changer.Contracts", "Quality_of_Life_changer.Contracts\Quality_of_Life_changer.Contracts.csproj", "{DC7CD5C3-ED36-4DB1-9568-FA1362DA107B}"
EndProject
Project("{9A19103F-16F7-4668-BE54-9A1E7A4F7556}") = "Quality_of_Life_changer.Adapter", "Quality_of_Life_changer.Adapter\Quality_of_Life_changer.Adapter.csproj", "{7FE80696-49C6-4848-8A5C-4C1614E43988}"
EndProject
Project("{9A19103F-16F7-4668-BE54-9A1E7A4F7556}") = "Quality_of_Life_changer.Implementation", "Quality_of_Life_changer.Implementation\Quality_of_Life_changer.Implementation.csproj", "{EB834FEB-806F-42D9-A7F5-4246C103FB37}"
EndProject
Global
	GlobalSection(SolutionConfigurationPlatforms) = preSolution
		Debug|Any CPU = Debug|Any CPU
		Release|Any CPU = Release|Any CPU
	EndGlobalSection
	GlobalSection(ProjectConfigurationPlatforms) = postSolution
		{D49AF775-E5A0-4063-882C-6E36F50A83B0}.Debug|Any CPU.ActiveCfg = Debug|Any CPU
		{D49AF775-E5A0-4063-882C-6E36F50A83B0}.Debug|Any CPU.Build.0 = Debug|Any CPU
		{D49AF775-E5A0-4063-882C-6E36F50A83B0}.Release|Any CPU.ActiveCfg = Release|Any CPU
		{D49AF775-E5A0-4063-882C-6E36F50A83B0}.Release|Any CPU.Build.0 = Release|Any CPU
		{942EFD8D-C971-4DF2-A0AB-2FC8CED18E12}.Debug|Any CPU.ActiveCfg = Debug|Any CPU
		{942EFD8D-C971-4DF2-A0AB-2FC8CED18E12}.Debug|Any CPU.Build.0 = Debug|Any CPU
		{942EFD8D-C971-4DF2-A0AB-2FC8CED18E12}.Release|Any CPU.ActiveCfg = Release|Any CPU
		{942EFD8D-C971-4DF2-A0AB-2FC8CED18E12}.Release|Any CPU.Build.0 = Release|Any CPU
		{4858F7B8-F0FA-4BBD-A139-C8E615A9F68D}.Debug|Any CPU.ActiveCfg = Debug|Any CPU
		{4858F7B8-F0FA-4BBD-A139-C8E615A9F68D}.Debug|Any CPU.Build.0 = Debug|Any CPU
		{4858F7B8-F0FA-4BBD-A139-C8E615A9F68D}.Release|Any CPU.ActiveCfg = Release|Any CPU
		{4858F7B8-F0FA-4BBD-A139-C8E615A9F68D}.Release|Any CPU.Build.0 = Release|Any CPU
		{DC7CD5C3-ED36-4DB1-9568-FA1362DA107B}.Debug|Any CPU.ActiveCfg = Debug|Any CPU
		{DC7CD5C3-ED36-4DB1-9568-FA1362DA107B}.Debug|Any CPU.Build.0 = Debug|Any CPU
		{DC7CD5C3-ED36-4DB1-9568-FA1362DA107B}.Release|Any CPU.ActiveCfg = Release|Any CPU
		{DC7CD5C3-ED36-4DB1-9568-FA1362DA107B}.Release|Any CPU.Build.0 = Release|Any CPU
		{7FE80696-49C6-4848-8A5C-4C1614E43988}.Debug|Any CPU.ActiveCfg = Debug|Any CPU
		{7FE80696-49C6-4848-8A5C-4C1614E43988}.Debug|Any CPU.Build.0 = Debug|Any CPU
		{7FE80696-49C6-4848-8A5C-4C1614E43988}.Release|Any CPU.ActiveCfg = Release|Any CPU
		{7FE80696-49C6-4848-8A5C-4C1614E43988}.Release|Any CPU.Build.0 = Release|Any CPU
		{EB834FEB-806F-42D9-A7F5-4246C103FB37}.Debug|Any CPU.ActiveCfg = Debug|Any CPU
		{EB834FEB-806F-42D9-A7F5-4246C103FB37}.Debug|Any CPU.Build.0 = Debug|Any CPU
		{EB834FEB-806F-42D9-A7F5-4246C103FB37}.Release|Any CPU.ActiveCfg = Release|Any CPU
		{EB834FEB-806F-42D9-A7F5-4246C103FB37}.Release|Any CPU.Build.0 = Release|Any CPU
	EndGlobalSection
	GlobalSection(SolutionProperties) = preSolution
		HideSolutionNode = FALSE
	EndGlobalSection
	GlobalSection(ExtensibilityGlobals) = postSolution
		SolutionGuid = {FBB12EA8-15A0-42C7-BBD0-582887909172}
	EndGlobalSection
EndGlobal
